# THIS IS AN AUTOGENERATED FILE. DO NOT EDIT THIS FILE DIRECTLY.
# yarn lockfile v1


"@types/estree@0.0.39":
  version "0.0.39"
  resolved "https://registry.yarnpkg.com/@types/estree/-/estree-0.0.39.tgz#e177e699ee1b8c22d23174caaa7422644389509f"

"@types/node@*":
  version "10.1.0"
  resolved "https://registry.yarnpkg.com/@types/node/-/node-10.1.0.tgz#2783ee1b6c47cbd4044f4a233976c1ac5fa9e942"

rollup@^0.59.1:
  version "0.59.1"
  resolved "https://registry.yarnpkg.com/rollup/-/rollup-0.59.1.tgz#86cbceaecd861df1317a0aa29207173de23e6a5d"
  dependencies:
    "@types/estree" "0.0.39"
    "@types/node" "*"

typescript@2.8.3:
  version "2.8.3"
  resolved "https://registry.yarnpkg.com/typescript/-/typescript-2.8.3.tgz#5d817f9b6f31bb871835f4edf0089f21abe6c170"
